dependencies:
- name: elasticsearch-exporter
  repository: https://kubernetes-charts.storage.googleapis.com
  version: 2.1.1
- name: prometheus-cloudwatch-exporter
  repository: https://kubernetes-charts.storage.googleapis.com
  version: 0.7.0
digest: sha256:80d7543f8b89e962dfad37bfbefc73a480577f19cdb1dc4957d248fb9c904661
generated: "2020-05-07T18:22:16.409787+02:00"
